
Microsoft Visual Studio Solution File, Format Version 12.00
Project("{FAE04EC0-301F-11D3-BF4B-00C04F79EFBC}") = "NDSParse", "NDSParse\NDSParse.csproj", "{338E8A6B-E6EB-4158-ABB4-CAB229B717F1}"
EndProject
Project("{FAE04EC0-301F-11D3-BF4B-00C04F79EFBC}") = "NDSParse-Example", "NDSParse-Example\NDSParse-Example.csproj", "{B354A070-2543-43D1-8F2D-4DF605638DAE}"
EndProject
Global
	GlobalSection(SolutionConfigurationPlatforms) = preSolution
		Debug|Any CPU = Debug|Any CPU
		Release|Any CPU = Release|Any CPU
	EndGlobalSection
	GlobalSection(ProjectConfigurationPlatforms) = postSolution
		{338E8A6B-E6EB-4158-ABB4-CAB229B717F1}.Debug|Any CPU.ActiveCfg = Debug|Any CPU
		{338E8A6B-E6EB-4158-ABB4-CAB229B717F1}.Debug|Any CPU.Build.0 = Debug|Any CPU
		{338E8A6B-E6EB-4158-ABB4-CAB229B717F1}.Release|Any CPU.ActiveCfg = Release|Any CPU
		{338E8A6B-E6EB-4158-ABB4-CAB229B717F1}.Release|Any CPU.Build.0 = Release|Any CPU
		{B354A070-2543-43D1-8F2D-4DF605638DAE}.Debug|Any CPU.ActiveCfg = Debug|Any CPU
		{B354A070-2543-43D1-8F2D-4DF605638DAE}.Debug|Any CPU.Build.0 = Debug|Any CPU
		{B354A070-2543-43D1-8F2D-4DF605638DAE}.Release|Any CPU.ActiveCfg = Release|Any CPU
		{B354A070-2543-43D1-8F2D-4DF605638DAE}.Release|Any CPU.Build.0 = Release|Any CPU
	EndGlobalSection
EndGlobal
